
Microsoft Visual Studio Solution File, Format Version 12.00
# Visual Studio Version 16
VisualStudioVersion = 16.0.29709.97
MinimumVisualStudioVersion = 10.0.40219.1
Project("{FAE04EC0-301F-11D3-BF4B-00C04F79EFBC}") = "LearnBlazor", "LearnBlazor.csproj", "{3267FBC9-F132-4FBE-BAC8-3C451E56FF1B}"
EndProject
Global
	GlobalSection(SolutionConfigurationPlatforms) = preSolution
		Debug|Any CPU = Debug|Any CPU
		Release|Any CPU = Release|Any CPU
	EndGlobalSection
	GlobalSection(ProjectConfigurationPlatforms) = postSolution
		{3267FBC9-F132-4FBE-BAC8-3C451E56FF1B}.Debug|Any CPU.ActiveCfg = Debug|Any CPU
		{3267FBC9-F132-4FBE-BAC8-3C451E56FF1B}.Debug|Any CPU.Build.0 = Debug|Any CPU
		{3267FBC9-F132-4FBE-BAC8-3C451E56FF1B}.Release|Any CPU.ActiveCfg = Release|Any CPU
		{3267FBC9-F132-4FBE-BAC8-3C451E56FF1B}.Release|Any CPU.Build.0 = Release|Any CPU
	EndGlobalSection
	GlobalSection(SolutionProperties) = preSolution
		HideSolutionNode = FALSE
	EndGlobalSection
	GlobalSection(ExtensibilityGlobals) = postSolution
		SolutionGuid = {B9152337-E467-4CB8-BF85-1A64789B10C8}
	EndGlobalSection
EndGlobal
